
Microsoft Visual Studio Solution File, Format Version 12.00
# Visual Studio Version 17
VisualStudioVersion = 17.9.34723.18
MinimumVisualStudioVersion = 10.0.40219.1
Project("{FAE04EC0-301F-11D3-BF4B-00C04F79EFBC}") = "Demo01oop", "Demo01oop\Demo01oop.csproj", "{E5C762BD-05CF-44EA-AC35-72C8FAE528A5}"
EndProject
Project("{FAE04EC0-301F-11D3-BF4B-00C04F79EFBC}") = "Common", "Common\Common.csproj", "{DEB840F4-4D19-402C-BB63-7C4BA8F865A9}"
EndProject
Global
	GlobalSection(SolutionConfigurationPlatforms) = preSolution
		Debug|Any CPU = Debug|Any CPU
		Release|Any CPU = Release|Any CPU
	EndGlobalSection
	GlobalSection(ProjectConfigurationPlatforms) = postSolution
		{E5C762BD-05CF-44EA-AC35-72C8FAE528A5}.Debug|Any CPU.ActiveCfg = Debug|Any CPU
		{E5C762BD-05CF-44EA-AC35-72C8FAE528A5}.Debug|Any CPU.Build.0 = Debug|Any CPU
		{E5C762BD-05CF-44EA-AC35-72C8FAE528A5}.Release|Any CPU.ActiveCfg = Release|Any CPU
		{E5C762BD-05CF-44EA-AC35-72C8FAE528A5}.Release|Any CPU.Build.0 = Release|Any CPU
		{DEB840F4-4D19-402C-BB63-7C4BA8F865A9}.Debug|Any CPU.ActiveCfg = Debug|Any CPU
		{DEB840F4-4D19-402C-BB63-7C4BA8F865A9}.Debug|Any CPU.Build.0 = Debug|Any CPU
		{DEB840F4-4D19-402C-BB63-7C4BA8F865A9}.Release|Any CPU.ActiveCfg = Release|Any CPU
		{DEB840F4-4D19-402C-BB63-7C4BA8F865A9}.Release|Any CPU.Build.0 = Release|Any CPU
	EndGlobalSection
	GlobalSection(SolutionProperties) = preSolution
		HideSolutionNode = FALSE
	EndGlobalSection
	GlobalSection(ExtensibilityGlobals) = postSolution
		SolutionGuid = {70C2A4B5-EED6-444C-8C21-23D8A1C52840}
	EndGlobalSection
EndGlobal
